
Microsoft Visual Studio Solution File, Format Version 12.00
# Visual Studio Version 17
VisualStudioVersion = 17.10.34825.169
MinimumVisualStudioVersion = 10.0.40219.1
Project("{FAE04EC0-301F-11D3-BF4B-00C04F79EFBC}") = "WebAppServer", "WebAppServer.csproj", "{9DD32F78-6ED7-43CF-9949-D87442975DCB}"
EndProject
Global
	GlobalSection(SolutionConfigurationPlatforms) = preSolution
		Debug|Any CPU = Debug|Any CPU
		Release|Any CPU = Release|Any CPU
	EndGlobalSection
	GlobalSection(ProjectConfigurationPlatforms) = postSolution
		{9DD32F78-6ED7-43CF-9949-D87442975DCB}.Debug|Any CPU.ActiveCfg = Debug|Any CPU
		{9DD32F78-6ED7-43CF-9949-D87442975DCB}.Debug|Any CPU.Build.0 = Debug|Any CPU
		{9DD32F78-6ED7-43CF-9949-D87442975DCB}.Release|Any CPU.ActiveCfg = Release|Any CPU
		{9DD32F78-6ED7-43CF-9949-D87442975DCB}.Release|Any CPU.Build.0 = Release|Any CPU
	EndGlobalSection
	GlobalSection(SolutionProperties) = preSolution
		HideSolutionNode = FALSE
	EndGlobalSection
	GlobalSection(ExtensibilityGlobals) = postSolution
		SolutionGuid = {7DE9469E-6388-473B-B289-05DB423CA658}
	EndGlobalSection
EndGlobal
